
Microsoft Visual Studio Solution File, Format Version 12.00
# Visual Studio Version 16
VisualStudioVersion = 16.0.30104.148
MinimumVisualStudioVersion = 10.0.40219.1
Project("{9A19103F-16F7-4668-BE54-9A1E7A4F7556}") = "QuotationCryptocurrency.Web", "QuotationCryptocurrency.Web\QuotationCryptocurrency.Web.csproj", "{7632F03D-F3BE-4141-9627-65214EFE572D}"
EndProject
Project("{2150E333-8FDC-42A3-9474-1A3956D46DE8}") = "Infrastructure", "Infrastructure", "{75191531-AFF2-4E9D-A5CA-503D30104CD2}"
EndProject
Project("{9A19103F-16F7-4668-BE54-9A1E7A4F7556}") = "QuotationCryptocurrency.Database", "QuotationCryptocurrency.Database\QuotationCryptocurrency.Database.csproj", "{46E18CF7-6DB3-4C04-8FB8-77FD6ADC4A73}"
EndProject
Project("{9A19103F-16F7-4668-BE54-9A1E7A4F7556}") = "QuotationCryptocurrency.Request", "QuotationCryptocurrency.Request\QuotationCryptocurrency.Request.csproj", "{5D68EE79-0B8C-4AD6-9B65-0AF296D45BCD}"
EndProject
Project("{2150E333-8FDC-42A3-9474-1A3956D46DE8}") = "Tests", "Tests", "{E14960C1-85CB-4663-B664-3C9186F1F984}"
EndProject
Project("{9A19103F-16F7-4668-BE54-9A1E7A4F7556}") = "QuotationCryptocurrency.Common.Tests", "Tests\QuotationCryptocurrency.Common.Tests\QuotationCryptocurrency.Common.Tests.csproj", "{A1D5EC44-E55B-403E-8B9C-7252A5315471}"
EndProject
Project("{9A19103F-16F7-4668-BE54-9A1E7A4F7556}") = "QuotationCryptocurrency.Database.Tests", "Tests\QuotationCryptocurrency.Database.Tests\QuotationCryptocurrency.Database.Tests.csproj", "{ECAFB4EA-B690-4F5D-A373-205573E31079}"
EndProject
Project("{9A19103F-16F7-4668-BE54-9A1E7A4F7556}") = "QuotationCryptocurrency.Request.Tests", "Tests\QuotationCryptocurrency.Request.Tests\QuotationCryptocurrency.Request.Tests.csproj", "{F8733D93-392E-4ACE-8F4E-CAD3853A4226}"
EndProject
Global
	GlobalSection(SolutionConfigurationPlatforms) = preSolution
		Debug|Any CPU = Debug|Any CPU
		Release|Any CPU = Release|Any CPU
	EndGlobalSection
	GlobalSection(ProjectConfigurationPlatforms) = postSolution
		{7632F03D-F3BE-4141-9627-65214EFE572D}.Debug|Any CPU.ActiveCfg = Debug|Any CPU
		{7632F03D-F3BE-4141-9627-65214EFE572D}.Debug|Any CPU.Build.0 = Debug|Any CPU
		{7632F03D-F3BE-4141-9627-65214EFE572D}.Release|Any CPU.ActiveCfg = Release|Any CPU
		{7632F03D-F3BE-4141-9627-65214EFE572D}.Release|Any CPU.Build.0 = Release|Any CPU
		{46E18CF7-6DB3-4C04-8FB8-77FD6ADC4A73}.Debug|Any CPU.ActiveCfg = Debug|Any CPU
		{46E18CF7-6DB3-4C04-8FB8-77FD6ADC4A73}.Debug|Any CPU.Build.0 = Debug|Any CPU
		{46E18CF7-6DB3-4C04-8FB8-77FD6ADC4A73}.Release|Any CPU.ActiveCfg = Release|Any CPU
		{46E18CF7-6DB3-4C04-8FB8-77FD6ADC4A73}.Release|Any CPU.Build.0 = Release|Any CPU
		{5D68EE79-0B8C-4AD6-9B65-0AF296D45BCD}.Debug|Any CPU.ActiveCfg = Debug|Any CPU
		{5D68EE79-0B8C-4AD6-9B65-0AF296D45BCD}.Debug|Any CPU.Build.0 = Debug|Any CPU
		{5D68EE79-0B8C-4AD6-9B65-0AF296D45BCD}.Release|Any CPU.ActiveCfg = Release|Any CPU
		{5D68EE79-0B8C-4AD6-9B65-0AF296D45BCD}.Release|Any CPU.Build.0 = Release|Any CPU
		{A1D5EC44-E55B-403E-8B9C-7252A5315471}.Debug|Any CPU.ActiveCfg = Debug|Any CPU
		{A1D5EC44-E55B-403E-8B9C-7252A5315471}.Debug|Any CPU.Build.0 = Debug|Any CPU
		{A1D5EC44-E55B-403E-8B9C-7252A5315471}.Release|Any CPU.ActiveCfg = Release|Any CPU
		{A1D5EC44-E55B-403E-8B9C-7252A5315471}.Release|Any CPU.Build.0 = Release|Any CPU
		{ECAFB4EA-B690-4F5D-A373-205573E31079}.Debug|Any CPU.ActiveCfg = Debug|Any CPU
		{ECAFB4EA-B690-4F5D-A373-205573E31079}.Debug|Any CPU.Build.0 = Debug|Any CPU
		{ECAFB4EA-B690-4F5D-A373-205573E31079}.Release|Any CPU.ActiveCfg = Release|Any CPU
		{ECAFB4EA-B690-4F5D-A373-205573E31079}.Release|Any CPU.Build.0 = Release|Any CPU
		{F8733D93-392E-4ACE-8F4E-CAD3853A4226}.Debug|Any CPU.ActiveCfg = Debug|Any CPU
		{F8733D93-392E-4ACE-8F4E-CAD3853A4226}.Debug|Any CPU.Build.0 = Debug|Any CPU
		{F8733D93-392E-4ACE-8F4E-CAD3853A4226}.Release|Any CPU.ActiveCfg = Release|Any CPU
		{F8733D93-392E-4ACE-8F4E-CAD3853A4226}.Release|Any CPU.Build.0 = Release|Any CPU
	EndGlobalSection
	GlobalSection(SolutionProperties) = preSolution
		HideSolutionNode = FALSE
	EndGlobalSection
	GlobalSection(NestedProjects) = preSolution
		{46E18CF7-6DB3-4C04-8FB8-77FD6ADC4A73} = {75191531-AFF2-4E9D-A5CA-503D30104CD2}
		{5D68EE79-0B8C-4AD6-9B65-0AF296D45BCD} = {75191531-AFF2-4E9D-A5CA-503D30104CD2}
		{A1D5EC44-E55B-403E-8B9C-7252A5315471} = {E14960C1-85CB-4663-B664-3C9186F1F984}
		{ECAFB4EA-B690-4F5D-A373-205573E31079} = {E14960C1-85CB-4663-B664-3C9186F1F984}
		{F8733D93-392E-4ACE-8F4E-CAD3853A4226} = {E14960C1-85CB-4663-B664-3C9186F1F984}
	EndGlobalSection
	GlobalSection(ExtensibilityGlobals) = postSolution
		SolutionGuid = {D927456B-9C41-4362-8DC8-D61B6011875B}
	EndGlobalSection
EndGlobal
