
Microsoft Visual Studio Solution File, Format Version 12.00
# Visual Studio Version 16
VisualStudioVersion = 16.0.29318.209
MinimumVisualStudioVersion = 10.0.40219.1
Project("{9A19103F-16F7-4668-BE54-9A1E7A4F7556}") = "QuotationCryptocurrency", "QuotationCryptocurrency\QuotationCryptocurrency.csproj", "{E85665EE-D2AF-4849-95A9-0F7C4ABEE92B}"
EndProject
Project("{FAE04EC0-301F-11D3-BF4B-00C04F79EFBC}") = "QuotationCryptocurrency.Tests", "QuotationCryptocurrency.Tests\QuotationCryptocurrency.Tests.csproj", "{435A1679-AEBD-4980-89A3-FC220AD456D6}"
EndProject
Global
	GlobalSection(SolutionConfigurationPlatforms) = preSolution
		Debug|Any CPU = Debug|Any CPU
		Release|Any CPU = Release|Any CPU
	EndGlobalSection
	GlobalSection(ProjectConfigurationPlatforms) = postSolution
		{E85665EE-D2AF-4849-95A9-0F7C4ABEE92B}.Debug|Any CPU.ActiveCfg = Debug|Any CPU
		{E85665EE-D2AF-4849-95A9-0F7C4ABEE92B}.Debug|Any CPU.Build.0 = Debug|Any CPU
		{E85665EE-D2AF-4849-95A9-0F7C4ABEE92B}.Release|Any CPU.ActiveCfg = Release|Any CPU
		{E85665EE-D2AF-4849-95A9-0F7C4ABEE92B}.Release|Any CPU.Build.0 = Release|Any CPU
		{435A1679-AEBD-4980-89A3-FC220AD456D6}.Debug|Any CPU.ActiveCfg = Debug|Any CPU
		{435A1679-AEBD-4980-89A3-FC220AD456D6}.Debug|Any CPU.Build.0 = Debug|Any CPU
		{435A1679-AEBD-4980-89A3-FC220AD456D6}.Release|Any CPU.ActiveCfg = Release|Any CPU
		{435A1679-AEBD-4980-89A3-FC220AD456D6}.Release|Any CPU.Build.0 = Release|Any CPU
	EndGlobalSection
	GlobalSection(SolutionProperties) = preSolution
		HideSolutionNode = FALSE
	EndGlobalSection
	GlobalSection(ExtensibilityGlobals) = postSolution
		SolutionGuid = {11470E88-F256-4C8F-AA94-7E44060F6F21}
	EndGlobalSection
EndGlobal
